
Microsoft Visual Studio Solution File, Format Version 12.00
# Visual Studio 15
VisualStudioVersion = 15.0.28307.168
MinimumVisualStudioVersion = 10.0.40219.1
Project("{FAE04EC0-301F-11D3-BF4B-00C04F79EFBC}") = "CSD3354-2-ASSIGNMENT4", "CSD3354-2-ASSIGNMENT4\CSD3354-2-ASSIGNMENT4.csproj", "{AAA3B1C9-1081-4AA9-BE21-10903D79A55E}"
EndProject
Global
	GlobalSection(SolutionConfigurationPlatforms) = preSolution
		Debug|Any CPU = Debug|Any CPU
		Release|Any CPU = Release|Any CPU
	EndGlobalSection
	GlobalSection(ProjectConfigurationPlatforms) = postSolution
		{AAA3B1C9-1081-4AA9-BE21-10903D79A55E}.Debug|Any CPU.ActiveCfg = Debug|Any CPU
		{AAA3B1C9-1081-4AA9-BE21-10903D79A55E}.Debug|Any CPU.Build.0 = Debug|Any CPU
		{AAA3B1C9-1081-4AA9-BE21-10903D79A55E}.Release|Any CPU.ActiveCfg = Release|Any CPU
		{AAA3B1C9-1081-4AA9-BE21-10903D79A55E}.Release|Any CPU.Build.0 = Release|Any CPU
	EndGlobalSection
	GlobalSection(SolutionProperties) = preSolution
		HideSolutionNode = FALSE
	EndGlobalSection
	GlobalSection(ExtensibilityGlobals) = postSolution
		SolutionGuid = {839A3C77-58AC-4AB8-8E2B-870A54046C4C}
	EndGlobalSection
EndGlobal
